
Microsoft Visual Studio Solution File, Format Version 12.00
# Visual Studio Version 17
VisualStudioVersion = 17.0.31903.59
MinimumVisualStudioVersion = 10.0.40219.1
Project("{2150E333-8FDC-42A3-9474-1A3956D46DE8}") = "src", "src", "{827E0CD3-B72D-47B6-A68D-7590B98EB39B}"
EndProject
Project("{FAE04EC0-301F-11D3-BF4B-00C04F79EFBC}") = "NovaLeave.Domain", "src\NovaLeave.Domain\NovaLeave.Domain.csproj", "{6B1F3254-492C-4F5B-A256-9C76399CFB96}"
EndProject
Project("{FAE04EC0-301F-11D3-BF4B-00C04F79EFBC}") = "NovaLeave.Application", "src\NovaLeave.Application\NovaLeave.Application.csproj", "{8321E1C0-682C-4BBD-8AAE-D8CB663CD054}"
EndProject
Project("{FAE04EC0-301F-11D3-BF4B-00C04F79EFBC}") = "NovaLeave.Infrastructure", "src\NovaLeave.Infrastructure\NovaLeave.Infrastructure.csproj", "{7C1C2B1B-23C1-4E0F-BD12-C691589FA418}"
EndProject
Project("{FAE04EC0-301F-11D3-BF4B-00C04F79EFBC}") = "NovaLeave.Web", "src\NovaLeave.Web\NovaLeave.Web.csproj", "{81CD4A20-0945-40E6-82B7-3A9F9338C59B}"
EndProject
Project("{2150E333-8FDC-42A3-9474-1A3956D46DE8}") = "tests", "tests", "{0AB3BF05-4346-4AA6-1389-037BE0695223}"
EndProject
Project("{FAE04EC0-301F-11D3-BF4B-00C04F79EFBC}") = "NovaLeave.UnitTests", "tests\NovaLeave.UnitTests\NovaLeave.UnitTests.csproj", "{2F30D4FE-6478-4159-8A95-46978405F28D}"
EndProject
Project("{FAE04EC0-301F-11D3-BF4B-00C04F79EFBC}") = "NovaLeave.IntegrationTests", "tests\NovaLeave.IntegrationTests\NovaLeave.IntegrationTests.csproj", "{46EDD9CE-C7BF-4095-A652-A9091EE43DF0}"
EndProject
Project("{FAE04EC0-301F-11D3-BF4B-00C04F79EFBC}") = "NovaLeave.EndToEndTests", "tests\NovaLeave.EndToEndTests\NovaLeave.EndToEndTests.csproj", "{9553EF22-45EA-47F4-97E7-1ED317E62BAC}"
EndProject
Global
	GlobalSection(SolutionConfigurationPlatforms) = preSolution
		Debug|Any CPU = Debug|Any CPU
		Debug|x64 = Debug|x64
		Debug|x86 = Debug|x86
		Release|Any CPU = Release|Any CPU
		Release|x64 = Release|x64
		Release|x86 = Release|x86
	EndGlobalSection
	GlobalSection(ProjectConfigurationPlatforms) = postSolution
		{6B1F3254-492C-4F5B-A256-9C76399CFB96}.Debug|Any CPU.ActiveCfg = Debug|Any CPU
		{6B1F3254-492C-4F5B-A256-9C76399CFB96}.Debug|Any CPU.Build.0 = Debug|Any CPU
		{6B1F3254-492C-4F5B-A256-9C76399CFB96}.Debug|x64.ActiveCfg = Debug|Any CPU
		{6B1F3254-492C-4F5B-A256-9C76399CFB96}.Debug|x64.Build.0 = Debug|Any CPU
		{6B1F3254-492C-4F5B-A256-9C76399CFB96}.Debug|x86.ActiveCfg = Debug|Any CPU
		{6B1F3254-492C-4F5B-A256-9C76399CFB96}.Debug|x86.Build.0 = Debug|Any CPU
		{6B1F3254-492C-4F5B-A256-9C76399CFB96}.Release|Any CPU.ActiveCfg = Release|Any CPU
		{6B1F3254-492C-4F5B-A256-9C76399CFB96}.Release|Any CPU.Build.0 = Release|Any CPU
		{6B1F3254-492C-4F5B-A256-9C76399CFB96}.Release|x64.ActiveCfg = Release|Any CPU
		{6B1F3254-492C-4F5B-A256-9C76399CFB96}.Release|x64.Build.0 = Release|Any CPU
		{6B1F3254-492C-4F5B-A256-9C76399CFB96}.Release|x86.ActiveCfg = Release|Any CPU
		{6B1F3254-492C-4F5B-A256-9C76399CFB96}.Release|x86.Build.0 = Release|Any CPU
		{8321E1C0-682C-4BBD-8AAE-D8CB663CD054}.Debug|Any CPU.ActiveCfg = Debug|Any CPU
		{8321E1C0-682C-4BBD-8AAE-D8CB663CD054}.Debug|Any CPU.Build.0 = Debug|Any CPU
		{8321E1C0-682C-4BBD-8AAE-D8CB663CD054}.Debug|x64.ActiveCfg = Debug|Any CPU
		{8321E1C0-682C-4BBD-8AAE-D8CB663CD054}.Debug|x64.Build.0 = Debug|Any CPU
		{8321E1C0-682C-4BBD-8AAE-D8CB663CD054}.Debug|x86.ActiveCfg = Debug|Any CPU
		{8321E1C0-682C-4BBD-8AAE-D8CB663CD054}.Debug|x86.Build.0 = Debug|Any CPU
		{8321E1C0-682C-4BBD-8AAE-D8CB663CD054}.Release|Any CPU.ActiveCfg = Release|Any CPU
		{8321E1C0-682C-4BBD-8AAE-D8CB663CD054}.Release|Any CPU.Build.0 = Release|Any CPU
		{8321E1C0-682C-4BBD-8AAE-D8CB663CD054}.Release|x64.ActiveCfg = Release|Any CPU
		{8321E1C0-682C-4BBD-8AAE-D8CB663CD054}.Release|x64.Build.0 = Release|Any CPU
		{8321E1C0-682C-4BBD-8AAE-D8CB663CD054}.Release|x86.ActiveCfg = Release|Any CPU
		{8321E1C0-682C-4BBD-8AAE-D8CB663CD054}.Release|x86.Build.0 = Release|Any CPU
		{7C1C2B1B-23C1-4E0F-BD12-C691589FA418}.Debug|Any CPU.ActiveCfg = Debug|Any CPU
		{7C1C2B1B-23C1-4E0F-BD12-C691589FA418}.Debug|Any CPU.Build.0 = Debug|Any CPU
		{7C1C2B1B-23C1-4E0F-BD12-C691589FA418}.Debug|x64.ActiveCfg = Debug|Any CPU
		{7C1C2B1B-23C1-4E0F-BD12-C691589FA418}.Debug|x64.Build.0 = Debug|Any CPU
		{7C1C2B1B-23C1-4E0F-BD12-C691589FA418}.Debug|x86.ActiveCfg = Debug|Any CPU
		{7C1C2B1B-23C1-4E0F-BD12-C691589FA418}.Debug|x86.Build.0 = Debug|Any CPU
		{7C1C2B1B-23C1-4E0F-BD12-C691589FA418}.Release|Any CPU.ActiveCfg = Release|Any CPU
		{7C1C2B1B-23C1-4E0F-BD12-C691589FA418}.Release|Any CPU.Build.0 = Release|Any CPU
		{7C1C2B1B-23C1-4E0F-BD12-C691589FA418}.Release|x64.ActiveCfg = Release|Any CPU
		{7C1C2B1B-23C1-4E0F-BD12-C691589FA418}.Release|x64.Build.0 = Release|Any CPU
		{7C1C2B1B-23C1-4E0F-BD12-C691589FA418}.Release|x86.ActiveCfg = Release|Any CPU
		{7C1C2B1B-23C1-4E0F-BD12-C691589FA418}.Release|x86.Build.0 = Release|Any CPU
		{81CD4A20-0945-40E6-82B7-3A9F9338C59B}.Debug|Any CPU.ActiveCfg = Debug|Any CPU
		{81CD4A20-0945-40E6-82B7-3A9F9338C59B}.Debug|Any CPU.Build.0 = Debug|Any CPU
		{81CD4A20-0945-40E6-82B7-3A9F9338C59B}.Debug|x64.ActiveCfg = Debug|Any CPU
		{81CD4A20-0945-40E6-82B7-3A9F9338C59B}.Debug|x64.Build.0 = Debug|Any CPU
		{81CD4A20-0945-40E6-82B7-3A9F9338C59B}.Debug|x86.ActiveCfg = Debug|Any CPU
		{81CD4A20-0945-40E6-82B7-3A9F9338C59B}.Debug|x86.Build.0 = Debug|Any CPU
		{81CD4A20-0945-40E6-82B7-3A9F9338C59B}.Release|Any CPU.ActiveCfg = Release|Any CPU
		{81CD4A20-0945-40E6-82B7-3A9F9338C59B}.Release|Any CPU.Build.0 = Release|Any CPU
		{81CD4A20-0945-40E6-82B7-3A9F9338C59B}.Release|x64.ActiveCfg = Release|Any CPU
		{81CD4A20-0945-40E6-82B7-3A9F9338C59B}.Release|x64.Build.0 = Release|Any CPU
		{81CD4A20-0945-40E6-82B7-3A9F9338C59B}.Release|x86.ActiveCfg = Release|Any CPU
		{81CD4A20-0945-40E6-82B7-3A9F9338C59B}.Release|x86.Build.0 = Release|Any CPU
		{2F30D4FE-6478-4159-8A95-46978405F28D}.Debug|Any CPU.ActiveCfg = Debug|Any CPU
		{2F30D4FE-6478-4159-8A95-46978405F28D}.Debug|Any CPU.Build.0 = Debug|Any CPU
		{2F30D4FE-6478-4159-8A95-46978405F28D}.Debug|x64.ActiveCfg = Debug|Any CPU
		{2F30D4FE-6478-4159-8A95-46978405F28D}.Debug|x64.Build.0 = Debug|Any CPU
		{2F30D4FE-6478-4159-8A95-46978405F28D}.Debug|x86.ActiveCfg = Debug|Any CPU
		{2F30D4FE-6478-4159-8A95-46978405F28D}.Debug|x86.Build.0 = Debug|Any CPU
		{2F30D4FE-6478-4159-8A95-46978405F28D}.Release|Any CPU.ActiveCfg = Release|Any CPU
		{2F30D4FE-6478-4159-8A95-46978405F28D}.Release|Any CPU.Build.0 = Release|Any CPU
		{2F30D4FE-6478-4159-8A95-46978405F28D}.Release|x64.ActiveCfg = Release|Any CPU
		{2F30D4FE-6478-4159-8A95-46978405F28D}.Release|x64.Build.0 = Release|Any CPU
		{2F30D4FE-6478-4159-8A95-46978405F28D}.Release|x86.ActiveCfg = Release|Any CPU
		{2F30D4FE-6478-4159-8A95-46978405F28D}.Release|x86.Build.0 = Release|Any CPU
		{46EDD9CE-C7BF-4095-A652-A9091EE43DF0}.Debug|Any CPU.ActiveCfg = Debug|Any CPU
		{46EDD9CE-C7BF-4095-A652-A9091EE43DF0}.Debug|Any CPU.Build.0 = Debug|Any CPU
		{46EDD9CE-C7BF-4095-A652-A9091EE43DF0}.Debug|x64.ActiveCfg = Debug|Any CPU
		{46EDD9CE-C7BF-4095-A652-A9091EE43DF0}.Debug|x64.Build.0 = Debug|Any CPU
		{46EDD9CE-C7BF-4095-A652-A9091EE43DF0}.Debug|x86.ActiveCfg = Debug|Any CPU
		{46EDD9CE-C7BF-4095-A652-A9091EE43DF0}.Debug|x86.Build.0 = Debug|Any CPU
		{46EDD9CE-C7BF-4095-A652-A9091EE43DF0}.Release|Any CPU.ActiveCfg = Release|Any CPU
		{46EDD9CE-C7BF-4095-A652-A9091EE43DF0}.Release|Any CPU.Build.0 = Release|Any CPU
		{46EDD9CE-C7BF-4095-A652-A9091EE43DF0}.Release|x64.ActiveCfg = Release|Any CPU
		{46EDD9CE-C7BF-4095-A652-A9091EE43DF0}.Release|x64.Build.0 = Release|Any CPU
		{46EDD9CE-C7BF-4095-A652-A9091EE43DF0}.Release|x86.ActiveCfg = Release|Any CPU
		{46EDD9CE-C7BF-4095-A652-A9091EE43DF0}.Release|x86.Build.0 = Release|Any CPU
		{9553EF22-45EA-47F4-97E7-1ED317E62BAC}.Debug|Any CPU.ActiveCfg = Debug|Any CPU
		{9553EF22-45EA-47F4-97E7-1ED317E62BAC}.Debug|Any CPU.Build.0 = Debug|Any CPU
		{9553EF22-45EA-47F4-97E7-1ED317E62BAC}.Debug|x64.ActiveCfg = Debug|Any CPU
		{9553EF22-45EA-47F4-97E7-1ED317E62BAC}.Debug|x64.Build.0 = Debug|Any CPU
		{9553EF22-45EA-47F4-97E7-1ED317E62BAC}.Debug|x86.ActiveCfg = Debug|Any CPU
		{9553EF22-45EA-47F4-97E7-1ED317E62BAC}.Debug|x86.Build.0 = Debug|Any CPU
		{9553EF22-45EA-47F4-97E7-1ED317E62BAC}.Release|Any CPU.ActiveCfg = Release|Any CPU
		{9553EF22-45EA-47F4-97E7-1ED317E62BAC}.Release|Any CPU.Build.0 = Release|Any CPU
		{9553EF22-45EA-47F4-97E7-1ED317E62BAC}.Release|x64.ActiveCfg = Release|Any CPU
		{9553EF22-45EA-47F4-97E7-1ED317E62BAC}.Release|x64.Build.0 = Release|Any CPU
		{9553EF22-45EA-47F4-97E7-1ED317E62BAC}.Release|x86.ActiveCfg = Release|Any CPU
		{9553EF22-45EA-47F4-97E7-1ED317E62BAC}.Release|x86.Build.0 = Release|Any CPU
	EndGlobalSection
	GlobalSection(SolutionProperties) = preSolution
		HideSolutionNode = FALSE
	EndGlobalSection
	GlobalSection(NestedProjects) = preSolution
		{6B1F3254-492C-4F5B-A256-9C76399CFB96} = {827E0CD3-B72D-47B6-A68D-7590B98EB39B}
		{8321E1C0-682C-4BBD-8AAE-D8CB663CD054} = {827E0CD3-B72D-47B6-A68D-7590B98EB39B}
		{7C1C2B1B-23C1-4E0F-BD12-C691589FA418} = {827E0CD3-B72D-47B6-A68D-7590B98EB39B}
		{81CD4A20-0945-40E6-82B7-3A9F9338C59B} = {827E0CD3-B72D-47B6-A68D-7590B98EB39B}
		{2F30D4FE-6478-4159-8A95-46978405F28D} = {0AB3BF05-4346-4AA6-1389-037BE0695223}
		{46EDD9CE-C7BF-4095-A652-A9091EE43DF0} = {0AB3BF05-4346-4AA6-1389-037BE0695223}
		{9553EF22-45EA-47F4-97E7-1ED317E62BAC} = {0AB3BF05-4346-4AA6-1389-037BE0695223}
	EndGlobalSection
EndGlobal
